
Microsoft Visual Studio Solution File, Format Version 12.00
# Visual Studio Version 17
VisualStudioVersion = 17.14.36915.13 d17.14
MinimumVisualStudioVersion = 10.0.40219.1
Project("{FAE04EC0-301F-11D3-BF4B-00C04F79EFBC}") = "TempUnitConverter", "TempUnitConverter\TempUnitConverter.csproj", "{DBFFE28F-DFBD-43BD-A9B3-C0AFCF3D7E60}"
EndProject
Global
	GlobalSection(SolutionConfigurationPlatforms) = preSolution
		Debug|Any CPU = Debug|Any CPU
		Release|Any CPU = Release|Any CPU
	EndGlobalSection
	GlobalSection(ProjectConfigurationPlatforms) = postSolution
		{DBFFE28F-DFBD-43BD-A9B3-C0AFCF3D7E60}.Debug|Any CPU.ActiveCfg = Debug|Any CPU
		{DBFFE28F-DFBD-43BD-A9B3-C0AFCF3D7E60}.Debug|Any CPU.Build.0 = Debug|Any CPU
		{DBFFE28F-DFBD-43BD-A9B3-C0AFCF3D7E60}.Release|Any CPU.ActiveCfg = Release|Any CPU
		{DBFFE28F-DFBD-43BD-A9B3-C0AFCF3D7E60}.Release|Any CPU.Build.0 = Release|Any CPU
	EndGlobalSection
	GlobalSection(SolutionProperties) = preSolution
		HideSolutionNode = FALSE
	EndGlobalSection
	GlobalSection(ExtensibilityGlobals) = postSolution
		SolutionGuid = {79053AA9-6468-418C-B531-0BCE0ABB5209}
	EndGlobalSection
EndGlobal
